
Microsoft Visual Studio Solution File, Format Version 12.00
# Visual Studio Version 17
VisualStudioVersion = 17.9.34622.214
MinimumVisualStudioVersion = 10.0.40219.1
Project("{FAE04EC0-301F-11D3-BF4B-00C04F79EFBC}") = "vhodnoykontrol", "vhodnoykontrol\vhodnoykontrol.csproj", "{FECEE57B-FAA8-43E7-B970-37CDB27AB1EE}"
EndProject
Global
	GlobalSection(SolutionConfigurationPlatforms) = preSolution
		Debug|Any CPU = Debug|Any CPU
		Release|Any CPU = Release|Any CPU
	EndGlobalSection
	GlobalSection(ProjectConfigurationPlatforms) = postSolution
		{FECEE57B-FAA8-43E7-B970-37CDB27AB1EE}.Debug|Any CPU.ActiveCfg = Debug|Any CPU
		{FECEE57B-FAA8-43E7-B970-37CDB27AB1EE}.Debug|Any CPU.Build.0 = Debug|Any CPU
		{FECEE57B-FAA8-43E7-B970-37CDB27AB1EE}.Release|Any CPU.ActiveCfg = Release|Any CPU
		{FECEE57B-FAA8-43E7-B970-37CDB27AB1EE}.Release|Any CPU.Build.0 = Release|Any CPU
	EndGlobalSection
	GlobalSection(SolutionProperties) = preSolution
		HideSolutionNode = FALSE
	EndGlobalSection
	GlobalSection(ExtensibilityGlobals) = postSolution
		SolutionGuid = {BAA3F61E-48A2-4AB2-ABE4-3D40236A0581}
	EndGlobalSection
EndGlobal
